
Microsoft Visual Studio Solution File, Format Version 12.00
# Visual Studio Version 17
VisualStudioVersion = 17.10.34916.146
MinimumVisualStudioVersion = 10.0.40219.1
Project("{2150E333-8FDC-42A3-9474-1A3956D46DE8}") = "Source", "Source", "{C6E02540-F591-4DF6-946D-6F7026331EE1}"
EndProject
Project("{2150E333-8FDC-42A3-9474-1A3956D46DE8}") = "Tests", "Tests", "{B7B9E265-0C10-4245-BDCD-96B345435119}"
EndProject
Project("{2150E333-8FDC-42A3-9474-1A3956D46DE8}") = "Services", "Services", "{4D8F8A43-4F0D-40C8-98CC-3129E63E0329}"
EndProject
Project("{2150E333-8FDC-42A3-9474-1A3956D46DE8}") = "Shared Kernel", "Shared Kernel", "{C09867CA-3183-4EC0-AAC5-F08D8919E870}"
EndProject
Project("{2150E333-8FDC-42A3-9474-1A3956D46DE8}") = "Authentication Service", "Authentication Service", "{E7562402-836D-41AC-B4AE-15B6162405FB}"
EndProject
Project("{2150E333-8FDC-42A3-9474-1A3956D46DE8}") = "User Service", "User Service", "{964C342B-9ED3-4002-AC13-222B0552322C}"
EndProject
Project("{2150E333-8FDC-42A3-9474-1A3956D46DE8}") = "Calendar Service", "Calendar Service", "{5FF39FBE-EF87-4094-99AC-94E60C0C0520}"
EndProject
Project("{2150E333-8FDC-42A3-9474-1A3956D46DE8}") = "Appointment Service", "Appointment Service", "{5C8B95A2-2DD5-4D7A-97E4-A31791289516}"
EndProject
Project("{2150E333-8FDC-42A3-9474-1A3956D46DE8}") = "Search Service", "Search Service", "{EF859FB1-6379-4D2F-B932-95B8CBA3314B}"
EndProject
Project("{9A19103F-16F7-4668-BE54-9A1E7A4F7556}") = "Med.SharedKernel", "src\Med.SharedKernel\Med.SharedKernel.csproj", "{B758755B-EACC-4C08-B075-DDEA2E149F14}"
EndProject
Project("{2150E333-8FDC-42A3-9474-1A3956D46DE8}") = "API", "API", "{9053343C-BE16-4F63-885E-A833BDDDD7D4}"
EndProject
Project("{2150E333-8FDC-42A3-9474-1A3956D46DE8}") = "Domain", "Domain", "{4F490145-3270-40B1-9FC6-6904C1CE4567}"
EndProject
Project("{9A19103F-16F7-4668-BE54-9A1E7A4F7556}") = "Med.Domain", "src\UserService\Med.Domain\Med.Domain.csproj", "{8A2DC20B-F741-42E6-AEB6-E47635ECDB61}"
EndProject
Project("{2150E333-8FDC-42A3-9474-1A3956D46DE8}") = "API", "API", "{F53B075A-35C2-4797-893A-36076B01B4CC}"
EndProject
Project("{2150E333-8FDC-42A3-9474-1A3956D46DE8}") = "Domain", "Domain", "{4C6F57F3-C246-42A8-AF0F-70C7C2CF9214}"
EndProject
Project("{9A19103F-16F7-4668-BE54-9A1E7A4F7556}") = "Med.Domain", "src\AuthenticationService\Med.Domain\Med.Domain.csproj", "{C822828D-04D0-41B4-A6DD-CA4110718F92}"
EndProject
Project("{9A19103F-16F7-4668-BE54-9A1E7A4F7556}") = "Med.User.WebAPI", "src\UserService\Med.User.WebAPI\Med.User.WebAPI.csproj", "{2BF732D0-F067-4CBD-AE5B-3F1429C435B6}"
EndProject
Project("{2150E333-8FDC-42A3-9474-1A3956D46DE8}") = "API", "API", "{F3564F3A-886B-4E7F-BE47-2769D6104351}"
EndProject
Project("{2150E333-8FDC-42A3-9474-1A3956D46DE8}") = "Domain", "Domain", "{A235F04D-C9A5-4C6C-85F0-E671C81BAC2E}"
EndProject
Project("{2150E333-8FDC-42A3-9474-1A3956D46DE8}") = "API", "API", "{06CDA71E-02BB-4AFB-8787-BC97A2A1ED93}"
EndProject
Project("{2150E333-8FDC-42A3-9474-1A3956D46DE8}") = "API", "API", "{C4CB4946-726F-481A-AEA4-BA484CAB5ACE}"
EndProject
Project("{2150E333-8FDC-42A3-9474-1A3956D46DE8}") = "Domain", "Domain", "{683E2BA8-36D3-4E31-8330-FE6088DF4C85}"
EndProject
Project("{9A19103F-16F7-4668-BE54-9A1E7A4F7556}") = "Med.Domain", "src\CalendarService\Med.Domain\Med.Domain.csproj", "{A1CBDB6D-CA32-41AB-833C-1001A3FDE3B8}"
EndProject
Project("{9A19103F-16F7-4668-BE54-9A1E7A4F7556}") = "Med.WebAPI", "src\CalendarService\Med.Calendar.WebAPI\Med.WebAPI.csproj", "{94B93529-9B8E-4BA3-8B93-49AD9500B1E2}"
EndProject
Project("{9A19103F-16F7-4668-BE54-9A1E7A4F7556}") = "Med.Domain", "src\AppointmentService\Med.Domain\Med.Domain.csproj", "{CC053FFF-E699-44F4-8691-827686DB8A22}"
EndProject
Project("{9A19103F-16F7-4668-BE54-9A1E7A4F7556}") = "Med.WebAPI", "src\AppointmentService\Med.Appointment.WebAPI\Med.WebAPI.csproj", "{62D23ECB-ECE3-4F26-866A-B88AF81EC1A5}"
EndProject
Project("{2150E333-8FDC-42A3-9474-1A3956D46DE8}") = "Infrastructure", "Infrastructure", "{A11E34A9-6434-40C0-B1B1-365B56277662}"
EndProject
Project("{9A19103F-16F7-4668-BE54-9A1E7A4F7556}") = "Med.Infrastructure", "src\UserService\Med.Infrastructure\Med.Infrastructure.csproj", "{0976D30B-2865-4D20-A24F-BDF2FA315070}"
EndProject
Project("{9A19103F-16F7-4668-BE54-9A1E7A4F7556}") = "Med.Search.WebAPI", "src\SearchService\Med.Search.WebAPI\Med.Search.WebAPI.csproj", "{4FB9ED88-4C19-4B7D-A57B-45C584B5C9FD}"
EndProject
Project("{2150E333-8FDC-42A3-9474-1A3956D46DE8}") = "Infrastructure", "Infrastructure", "{1A796855-362E-41DD-BEDB-E8A6A97E49B5}"
EndProject
Project("{9A19103F-16F7-4668-BE54-9A1E7A4F7556}") = "Med.Infrastructure", "src\CalendarService\Med.Infrastructure\Med.Infrastructure.csproj", "{C1B2B4EB-A958-4096-BDBD-8877A9E7B527}"
EndProject
Project("{9A19103F-16F7-4668-BE54-9A1E7A4F7556}") = "Med.Authentication.WebAPI", "src\AuthenticationService\Med.Authentication.WebAPI\Med.Authentication.WebAPI.csproj", "{23DD6E6A-A7A6-4E58-8BAF-EB7C8ED7A46D}"
EndProject
Project("{9A19103F-16F7-4668-BE54-9A1E7A4F7556}") = "Med.MessageBus", "src\MessageBus\Med.MessageBus\Med.MessageBus.csproj", "{AA6BD198-1BAA-4E1D-AA3D-397B8A5AF8FD}"
EndProject
Project("{2150E333-8FDC-42A3-9474-1A3956D46DE8}") = "Application", "Application", "{45F9E45C-43CF-4538-A838-9DCE5F002F32}"
EndProject
Project("{9A19103F-16F7-4668-BE54-9A1E7A4F7556}") = "Med.Application", "src\UserService\Med.Application\Med.Application.csproj", "{5EA1D63E-3AA7-405D-8150-C0D4E096DC80}"
EndProject
Project("{2150E333-8FDC-42A3-9474-1A3956D46DE8}") = "Application", "Application", "{4E5BE6ED-927A-4EF4-921C-61311B26F411}"
EndProject
Project("{9A19103F-16F7-4668-BE54-9A1E7A4F7556}") = "Med.Application", "src\AuthenticationService\Med.Application\Med.Application.csproj", "{FDB5F7E8-C581-4293-BC81-C9FADACA3B56}"
EndProject
Project("{2150E333-8FDC-42A3-9474-1A3956D46DE8}") = "Infrastructure", "Infrastructure", "{3876E6E6-B018-463E-A16D-BEAB96166BD8}"
EndProject
Project("{9A19103F-16F7-4668-BE54-9A1E7A4F7556}") = "Med.Infrastructure", "src\AuthenticationService\Med.Infrastructure\Med.Infrastructure.csproj", "{114A84DE-F13F-4E67-BEE6-1968014CE31A}"
EndProject
Project("{9A19103F-16F7-4668-BE54-9A1E7A4F7556}") = "Med.Migrator", "src\Migrator\Med.Migrator\Med.Migrator.csproj", "{9C26989A-81D3-43BD-86D8-1B85B727396D}"
EndProject
Project("{2150E333-8FDC-42A3-9474-1A3956D46DE8}") = "Application", "Application", "{D4E9D738-1CB6-4C4F-9309-B75A65102F90}"
EndProject
Project("{2150E333-8FDC-42A3-9474-1A3956D46DE8}") = "Application", "Application", "{FC6BF756-4CA0-49F4-B74D-2057737617AF}"
EndProject
Project("{FAE04EC0-301F-11D3-BF4B-00C04F79EFBC}") = "Med.application", "src\AppointmentService\Med.application\Med.application.csproj", "{B4E3DED0-44C8-448D-8359-EAD2225110F6}"
EndProject
Project("{2150E333-8FDC-42A3-9474-1A3956D46DE8}") = "Infrastructure", "Infrastructure", "{11D655F3-DAAF-43A6-AA1B-B0A92E25F232}"
EndProject
Project("{FAE04EC0-301F-11D3-BF4B-00C04F79EFBC}") = "Med.Infrastructure", "src\AppointmentService\Med.Infrastructure\Med.Infrastructure.csproj", "{D6F91A2B-71F9-45BA-90A2-95DD4F7A41C2}"
EndProject
Project("{FAE04EC0-301F-11D3-BF4B-00C04F79EFBC}") = "Med.Application", "src\CalendarService\Med.Application\Med.Application.csproj", "{B63C35D2-D3E7-438C-98D9-515FC1E69767}"
EndProject
Global
	GlobalSection(SolutionConfigurationPlatforms) = preSolution
		Debug|Any CPU = Debug|Any CPU
		Release|Any CPU = Release|Any CPU
	EndGlobalSection
	GlobalSection(ProjectConfigurationPlatforms) = postSolution
		{B758755B-EACC-4C08-B075-DDEA2E149F14}.Debug|Any CPU.ActiveCfg = Debug|Any CPU
		{B758755B-EACC-4C08-B075-DDEA2E149F14}.Debug|Any CPU.Build.0 = Debug|Any CPU
		{B758755B-EACC-4C08-B075-DDEA2E149F14}.Release|Any CPU.ActiveCfg = Release|Any CPU
		{B758755B-EACC-4C08-B075-DDEA2E149F14}.Release|Any CPU.Build.0 = Release|Any CPU
		{8A2DC20B-F741-42E6-AEB6-E47635ECDB61}.Debug|Any CPU.ActiveCfg = Debug|Any CPU
		{8A2DC20B-F741-42E6-AEB6-E47635ECDB61}.Debug|Any CPU.Build.0 = Debug|Any CPU
		{8A2DC20B-F741-42E6-AEB6-E47635ECDB61}.Release|Any CPU.ActiveCfg = Release|Any CPU
		{8A2DC20B-F741-42E6-AEB6-E47635ECDB61}.Release|Any CPU.Build.0 = Release|Any CPU
		{C822828D-04D0-41B4-A6DD-CA4110718F92}.Debug|Any CPU.ActiveCfg = Debug|Any CPU
		{C822828D-04D0-41B4-A6DD-CA4110718F92}.Debug|Any CPU.Build.0 = Debug|Any CPU
		{C822828D-04D0-41B4-A6DD-CA4110718F92}.Release|Any CPU.ActiveCfg = Release|Any CPU
		{C822828D-04D0-41B4-A6DD-CA4110718F92}.Release|Any CPU.Build.0 = Release|Any CPU
		{2BF732D0-F067-4CBD-AE5B-3F1429C435B6}.Debug|Any CPU.ActiveCfg = Debug|Any CPU
		{2BF732D0-F067-4CBD-AE5B-3F1429C435B6}.Debug|Any CPU.Build.0 = Debug|Any CPU
		{2BF732D0-F067-4CBD-AE5B-3F1429C435B6}.Release|Any CPU.ActiveCfg = Release|Any CPU
		{2BF732D0-F067-4CBD-AE5B-3F1429C435B6}.Release|Any CPU.Build.0 = Release|Any CPU
		{A1CBDB6D-CA32-41AB-833C-1001A3FDE3B8}.Debug|Any CPU.ActiveCfg = Debug|Any CPU
		{A1CBDB6D-CA32-41AB-833C-1001A3FDE3B8}.Debug|Any CPU.Build.0 = Debug|Any CPU
		{A1CBDB6D-CA32-41AB-833C-1001A3FDE3B8}.Release|Any CPU.ActiveCfg = Release|Any CPU
		{A1CBDB6D-CA32-41AB-833C-1001A3FDE3B8}.Release|Any CPU.Build.0 = Release|Any CPU
		{94B93529-9B8E-4BA3-8B93-49AD9500B1E2}.Debug|Any CPU.ActiveCfg = Debug|Any CPU
		{94B93529-9B8E-4BA3-8B93-49AD9500B1E2}.Debug|Any CPU.Build.0 = Debug|Any CPU
		{94B93529-9B8E-4BA3-8B93-49AD9500B1E2}.Release|Any CPU.ActiveCfg = Release|Any CPU
		{94B93529-9B8E-4BA3-8B93-49AD9500B1E2}.Release|Any CPU.Build.0 = Release|Any CPU
		{CC053FFF-E699-44F4-8691-827686DB8A22}.Debug|Any CPU.ActiveCfg = Debug|Any CPU
		{CC053FFF-E699-44F4-8691-827686DB8A22}.Debug|Any CPU.Build.0 = Debug|Any CPU
		{CC053FFF-E699-44F4-8691-827686DB8A22}.Release|Any CPU.ActiveCfg = Release|Any CPU
		{CC053FFF-E699-44F4-8691-827686DB8A22}.Release|Any CPU.Build.0 = Release|Any CPU
		{62D23ECB-ECE3-4F26-866A-B88AF81EC1A5}.Debug|Any CPU.ActiveCfg = Debug|Any CPU
		{62D23ECB-ECE3-4F26-866A-B88AF81EC1A5}.Debug|Any CPU.Build.0 = Debug|Any CPU
		{62D23ECB-ECE3-4F26-866A-B88AF81EC1A5}.Release|Any CPU.ActiveCfg = Release|Any CPU
		{62D23ECB-ECE3-4F26-866A-B88AF81EC1A5}.Release|Any CPU.Build.0 = Release|Any CPU
		{0976D30B-2865-4D20-A24F-BDF2FA315070}.Debug|Any CPU.ActiveCfg = Debug|Any CPU
		{0976D30B-2865-4D20-A24F-BDF2FA315070}.Debug|Any CPU.Build.0 = Debug|Any CPU
		{0976D30B-2865-4D20-A24F-BDF2FA315070}.Release|Any CPU.ActiveCfg = Release|Any CPU
		{0976D30B-2865-4D20-A24F-BDF2FA315070}.Release|Any CPU.Build.0 = Release|Any CPU
		{4FB9ED88-4C19-4B7D-A57B-45C584B5C9FD}.Debug|Any CPU.ActiveCfg = Debug|Any CPU
		{4FB9ED88-4C19-4B7D-A57B-45C584B5C9FD}.Debug|Any CPU.Build.0 = Debug|Any CPU
		{4FB9ED88-4C19-4B7D-A57B-45C584B5C9FD}.Release|Any CPU.ActiveCfg = Release|Any CPU
		{4FB9ED88-4C19-4B7D-A57B-45C584B5C9FD}.Release|Any CPU.Build.0 = Release|Any CPU
		{C1B2B4EB-A958-4096-BDBD-8877A9E7B527}.Debug|Any CPU.ActiveCfg = Debug|Any CPU
		{C1B2B4EB-A958-4096-BDBD-8877A9E7B527}.Debug|Any CPU.Build.0 = Debug|Any CPU
		{C1B2B4EB-A958-4096-BDBD-8877A9E7B527}.Release|Any CPU.ActiveCfg = Release|Any CPU
		{C1B2B4EB-A958-4096-BDBD-8877A9E7B527}.Release|Any CPU.Build.0 = Release|Any CPU
		{23DD6E6A-A7A6-4E58-8BAF-EB7C8ED7A46D}.Debug|Any CPU.ActiveCfg = Debug|Any CPU
		{23DD6E6A-A7A6-4E58-8BAF-EB7C8ED7A46D}.Debug|Any CPU.Build.0 = Debug|Any CPU
		{23DD6E6A-A7A6-4E58-8BAF-EB7C8ED7A46D}.Release|Any CPU.ActiveCfg = Release|Any CPU
		{23DD6E6A-A7A6-4E58-8BAF-EB7C8ED7A46D}.Release|Any CPU.Build.0 = Release|Any CPU
		{AA6BD198-1BAA-4E1D-AA3D-397B8A5AF8FD}.Debug|Any CPU.ActiveCfg = Debug|Any CPU
		{AA6BD198-1BAA-4E1D-AA3D-397B8A5AF8FD}.Debug|Any CPU.Build.0 = Debug|Any CPU
		{AA6BD198-1BAA-4E1D-AA3D-397B8A5AF8FD}.Release|Any CPU.ActiveCfg = Release|Any CPU
		{AA6BD198-1BAA-4E1D-AA3D-397B8A5AF8FD}.Release|Any CPU.Build.0 = Release|Any CPU
		{5EA1D63E-3AA7-405D-8150-C0D4E096DC80}.Debug|Any CPU.ActiveCfg = Debug|Any CPU
		{5EA1D63E-3AA7-405D-8150-C0D4E096DC80}.Debug|Any CPU.Build.0 = Debug|Any CPU
		{5EA1D63E-3AA7-405D-8150-C0D4E096DC80}.Release|Any CPU.ActiveCfg = Release|Any CPU
		{5EA1D63E-3AA7-405D-8150-C0D4E096DC80}.Release|Any CPU.Build.0 = Release|Any CPU
		{FDB5F7E8-C581-4293-BC81-C9FADACA3B56}.Debug|Any CPU.ActiveCfg = Debug|Any CPU
		{FDB5F7E8-C581-4293-BC81-C9FADACA3B56}.Debug|Any CPU.Build.0 = Debug|Any CPU
		{FDB5F7E8-C581-4293-BC81-C9FADACA3B56}.Release|Any CPU.ActiveCfg = Release|Any CPU
		{FDB5F7E8-C581-4293-BC81-C9FADACA3B56}.Release|Any CPU.Build.0 = Release|Any CPU
		{114A84DE-F13F-4E67-BEE6-1968014CE31A}.Debug|Any CPU.ActiveCfg = Debug|Any CPU
		{114A84DE-F13F-4E67-BEE6-1968014CE31A}.Debug|Any CPU.Build.0 = Debug|Any CPU
		{114A84DE-F13F-4E67-BEE6-1968014CE31A}.Release|Any CPU.ActiveCfg = Release|Any CPU
		{114A84DE-F13F-4E67-BEE6-1968014CE31A}.Release|Any CPU.Build.0 = Release|Any CPU
		{9C26989A-81D3-43BD-86D8-1B85B727396D}.Debug|Any CPU.ActiveCfg = Debug|Any CPU
		{9C26989A-81D3-43BD-86D8-1B85B727396D}.Debug|Any CPU.Build.0 = Debug|Any CPU
		{9C26989A-81D3-43BD-86D8-1B85B727396D}.Release|Any CPU.ActiveCfg = Release|Any CPU
		{9C26989A-81D3-43BD-86D8-1B85B727396D}.Release|Any CPU.Build.0 = Release|Any CPU
		{B4E3DED0-44C8-448D-8359-EAD2225110F6}.Debug|Any CPU.ActiveCfg = Debug|Any CPU
		{B4E3DED0-44C8-448D-8359-EAD2225110F6}.Debug|Any CPU.Build.0 = Debug|Any CPU
		{B4E3DED0-44C8-448D-8359-EAD2225110F6}.Release|Any CPU.ActiveCfg = Release|Any CPU
		{B4E3DED0-44C8-448D-8359-EAD2225110F6}.Release|Any CPU.Build.0 = Release|Any CPU
		{D6F91A2B-71F9-45BA-90A2-95DD4F7A41C2}.Debug|Any CPU.ActiveCfg = Debug|Any CPU
		{D6F91A2B-71F9-45BA-90A2-95DD4F7A41C2}.Debug|Any CPU.Build.0 = Debug|Any CPU
		{D6F91A2B-71F9-45BA-90A2-95DD4F7A41C2}.Release|Any CPU.ActiveCfg = Release|Any CPU
		{D6F91A2B-71F9-45BA-90A2-95DD4F7A41C2}.Release|Any CPU.Build.0 = Release|Any CPU
		{B63C35D2-D3E7-438C-98D9-515FC1E69767}.Debug|Any CPU.ActiveCfg = Debug|Any CPU
		{B63C35D2-D3E7-438C-98D9-515FC1E69767}.Debug|Any CPU.Build.0 = Debug|Any CPU
		{B63C35D2-D3E7-438C-98D9-515FC1E69767}.Release|Any CPU.ActiveCfg = Release|Any CPU
		{B63C35D2-D3E7-438C-98D9-515FC1E69767}.Release|Any CPU.Build.0 = Release|Any CPU
	EndGlobalSection
	GlobalSection(SolutionProperties) = preSolution
		HideSolutionNode = FALSE
	EndGlobalSection
	GlobalSection(NestedProjects) = preSolution
		{4D8F8A43-4F0D-40C8-98CC-3129E63E0329} = {C6E02540-F591-4DF6-946D-6F7026331EE1}
		{C09867CA-3183-4EC0-AAC5-F08D8919E870} = {C6E02540-F591-4DF6-946D-6F7026331EE1}
		{E7562402-836D-41AC-B4AE-15B6162405FB} = {4D8F8A43-4F0D-40C8-98CC-3129E63E0329}
		{964C342B-9ED3-4002-AC13-222B0552322C} = {4D8F8A43-4F0D-40C8-98CC-3129E63E0329}
		{5FF39FBE-EF87-4094-99AC-94E60C0C0520} = {4D8F8A43-4F0D-40C8-98CC-3129E63E0329}
		{5C8B95A2-2DD5-4D7A-97E4-A31791289516} = {4D8F8A43-4F0D-40C8-98CC-3129E63E0329}
		{EF859FB1-6379-4D2F-B932-95B8CBA3314B} = {4D8F8A43-4F0D-40C8-98CC-3129E63E0329}
		{B758755B-EACC-4C08-B075-DDEA2E149F14} = {C09867CA-3183-4EC0-AAC5-F08D8919E870}
		{9053343C-BE16-4F63-885E-A833BDDDD7D4} = {964C342B-9ED3-4002-AC13-222B0552322C}
		{4F490145-3270-40B1-9FC6-6904C1CE4567} = {964C342B-9ED3-4002-AC13-222B0552322C}
		{8A2DC20B-F741-42E6-AEB6-E47635ECDB61} = {4F490145-3270-40B1-9FC6-6904C1CE4567}
		{F53B075A-35C2-4797-893A-36076B01B4CC} = {E7562402-836D-41AC-B4AE-15B6162405FB}
		{4C6F57F3-C246-42A8-AF0F-70C7C2CF9214} = {E7562402-836D-41AC-B4AE-15B6162405FB}
		{C822828D-04D0-41B4-A6DD-CA4110718F92} = {4C6F57F3-C246-42A8-AF0F-70C7C2CF9214}
		{2BF732D0-F067-4CBD-AE5B-3F1429C435B6} = {9053343C-BE16-4F63-885E-A833BDDDD7D4}
		{F3564F3A-886B-4E7F-BE47-2769D6104351} = {5FF39FBE-EF87-4094-99AC-94E60C0C0520}
		{A235F04D-C9A5-4C6C-85F0-E671C81BAC2E} = {5FF39FBE-EF87-4094-99AC-94E60C0C0520}
		{06CDA71E-02BB-4AFB-8787-BC97A2A1ED93} = {EF859FB1-6379-4D2F-B932-95B8CBA3314B}
		{C4CB4946-726F-481A-AEA4-BA484CAB5ACE} = {5C8B95A2-2DD5-4D7A-97E4-A31791289516}
		{683E2BA8-36D3-4E31-8330-FE6088DF4C85} = {5C8B95A2-2DD5-4D7A-97E4-A31791289516}
		{A1CBDB6D-CA32-41AB-833C-1001A3FDE3B8} = {A235F04D-C9A5-4C6C-85F0-E671C81BAC2E}
		{94B93529-9B8E-4BA3-8B93-49AD9500B1E2} = {F3564F3A-886B-4E7F-BE47-2769D6104351}
		{CC053FFF-E699-44F4-8691-827686DB8A22} = {683E2BA8-36D3-4E31-8330-FE6088DF4C85}
		{62D23ECB-ECE3-4F26-866A-B88AF81EC1A5} = {C4CB4946-726F-481A-AEA4-BA484CAB5ACE}
		{A11E34A9-6434-40C0-B1B1-365B56277662} = {964C342B-9ED3-4002-AC13-222B0552322C}
		{0976D30B-2865-4D20-A24F-BDF2FA315070} = {A11E34A9-6434-40C0-B1B1-365B56277662}
		{4FB9ED88-4C19-4B7D-A57B-45C584B5C9FD} = {06CDA71E-02BB-4AFB-8787-BC97A2A1ED93}
		{1A796855-362E-41DD-BEDB-E8A6A97E49B5} = {5FF39FBE-EF87-4094-99AC-94E60C0C0520}
		{C1B2B4EB-A958-4096-BDBD-8877A9E7B527} = {1A796855-362E-41DD-BEDB-E8A6A97E49B5}
		{23DD6E6A-A7A6-4E58-8BAF-EB7C8ED7A46D} = {F53B075A-35C2-4797-893A-36076B01B4CC}
		{AA6BD198-1BAA-4E1D-AA3D-397B8A5AF8FD} = {C09867CA-3183-4EC0-AAC5-F08D8919E870}
		{45F9E45C-43CF-4538-A838-9DCE5F002F32} = {964C342B-9ED3-4002-AC13-222B0552322C}
		{5EA1D63E-3AA7-405D-8150-C0D4E096DC80} = {45F9E45C-43CF-4538-A838-9DCE5F002F32}
		{4E5BE6ED-927A-4EF4-921C-61311B26F411} = {E7562402-836D-41AC-B4AE-15B6162405FB}
		{FDB5F7E8-C581-4293-BC81-C9FADACA3B56} = {4E5BE6ED-927A-4EF4-921C-61311B26F411}
		{3876E6E6-B018-463E-A16D-BEAB96166BD8} = {E7562402-836D-41AC-B4AE-15B6162405FB}
		{114A84DE-F13F-4E67-BEE6-1968014CE31A} = {3876E6E6-B018-463E-A16D-BEAB96166BD8}
		{9C26989A-81D3-43BD-86D8-1B85B727396D} = {C09867CA-3183-4EC0-AAC5-F08D8919E870}
		{D4E9D738-1CB6-4C4F-9309-B75A65102F90} = {5FF39FBE-EF87-4094-99AC-94E60C0C0520}
		{FC6BF756-4CA0-49F4-B74D-2057737617AF} = {5C8B95A2-2DD5-4D7A-97E4-A31791289516}
		{B4E3DED0-44C8-448D-8359-EAD2225110F6} = {FC6BF756-4CA0-49F4-B74D-2057737617AF}
		{11D655F3-DAAF-43A6-AA1B-B0A92E25F232} = {5C8B95A2-2DD5-4D7A-97E4-A31791289516}
		{D6F91A2B-71F9-45BA-90A2-95DD4F7A41C2} = {11D655F3-DAAF-43A6-AA1B-B0A92E25F232}
		{B63C35D2-D3E7-438C-98D9-515FC1E69767} = {D4E9D738-1CB6-4C4F-9309-B75A65102F90}
	EndGlobalSection
	GlobalSection(ExtensibilityGlobals) = postSolution
		SolutionGuid = {B905B996-3719-4576-9718-6A9CA5492322}
	EndGlobalSection
EndGlobal
